{
  "version": 4,
  "terraform_version": "1.1.0",
  "serial": 56,
  "lineage": "c37030ed-c44e-830c-acf1-6db5e5bac671",
  "outputs": {},
  "resources": [
    {
      "module": "module.ec2",
      "mode": "managed",
      "type": "aws_instance",
      "name": "Intern_jumpbox_server",
      "provider": "provider[\"registry.terraform.io/hashicorp/aws\"]",
      "instances": [
        {
          "schema_version": 1,
          "attributes": {
            "ami": "ami-0801a1e12f4a9ccc0",
            "arn": "arn:aws:ec2:ap-southeast-1:283300159070:instance/i-000dff1a2a2b8bc4a",
            "associate_public_ip_address": true,
            "availability_zone": "ap-southeast-1a",
            "capacity_reservation_specification": [
              {
                "capacity_reservation_preference": "open",
                "capacity_reservation_target": []
              }
            ],
            "cpu_core_count": 1,
            "cpu_threads_per_core": 1,
            "credit_specification": [
              {
                "cpu_credits": "standard"
              }
            ],
            "disable_api_termination": false,
            "ebs_block_device": [],
            "ebs_optimized": false,
            "enclave_options": [
              {
                "enabled": false
              }
            ],
            "ephemeral_block_device": [],
            "get_password_data": false,
            "hibernation": false,
            "host_id": null,
            "iam_instance_profile": "",
            "id": "i-000dff1a2a2b8bc4a",
            "instance_initiated_shutdown_behavior": "stop",
            "instance_state": "running",
            "instance_type": "t2.micro",
            "ipv6_address_count": 0,
            "ipv6_addresses": [],
            "key_name": "public_key_pair1",
            "launch_template": [],
            "metadata_options": [
              {
                "http_endpoint": "enabled",
                "http_put_response_hop_limit": 1,
                "http_tokens": "optional",
                "instance_metadata_tags": "disabled"
              }
            ],
            "monitoring": false,
            "network_interface": [],
            "outpost_arn": "",
            "password_data": "",
            "placement_group": "",
            "placement_partition_number": null,
            "primary_network_interface_id": "eni-00850f6dbfd29bc49",
            "private_dns": "ip-10-0-0-220.ap-southeast-1.compute.internal",
            "private_ip": "10.0.0.220",
            "public_dns": "",
            "public_ip": "13.212.197.131",
            "root_block_device": [
              {
                "delete_on_termination": true,
                "device_name": "/dev/xvda",
                "encrypted": false,
                "iops": 100,
                "kms_key_id": "",
                "tags": {},
                "throughput": 0,
                "volume_id": "vol-01f22aea36e356b4b",
                "volume_size": 8,
                "volume_type": "gp2"
              }
            ],
            "secondary_private_ips": [],
            "security_groups": [],
            "source_dest_check": true,
            "subnet_id": "subnet-09eb17ce50169c16d",
            "tags": {
              "Environment": "Test",
              "Name": "Intern_jumpbox_server",
              "Owner": "Julian",
              "Project": "Intern",
              "Version": "1.1"
            },
            "tags_all": {
              "Environment": "Test",
              "Name": "Intern_jumpbox_server",
              "Owner": "Julian",
              "Project": "Intern",
              "Version": "1.1"
            },
            "tenancy": "default",
            "timeouts": null,
            "user_data": null,
            "user_data_base64": null,
            "volume_tags": null,
            "vpc_security_group_ids": [
              "sg-03dfad48285bbb40f"
            ]
          },
          "sensitive_attributes": [],
          "private": "eyJlMmJmYjczMC1lY2FhLTExZTYtOGY4OC0zNDM2M2JjN2M0YzAiOnsiY3JlYXRlIjo2MDAwMDAwMDAwMDAsImRlbGV0ZSI6MTIwMDAwMDAwMDAwMCwidXBkYXRlIjo2MDAwMDAwMDAwMDB9LCJzY2hlbWFfdmVyc2lvbiI6IjEifQ==",
          "dependencies": [
            "module.security_group.aws_security_group.Intern_public_security_group",
            "module.subnet.aws_subnet.Intern_public_subnet",
            "module.vpc.aws_vpc.Intern_VPC"
          ]
        }
      ]
    },
    {
      "module": "module.ec2",
      "mode": "managed",
      "type": "aws_instance",
      "name": "Intern_server",
      "provider": "provider[\"registry.terraform.io/hashicorp/aws\"]",
      "instances": [
        {
          "schema_version": 1,
          "attributes": {
            "ami": "ami-055d15d9cfddf7bd3",
            "arn": "arn:aws:ec2:ap-southeast-1:283300159070:instance/i-0fa1b8128e35fe23e",
            "associate_public_ip_address": false,
            "availability_zone": "ap-southeast-1a",
            "capacity_reservation_specification": [
              {
                "capacity_reservation_preference": "open",
                "capacity_reservation_target": []
              }
            ],
            "cpu_core_count": 1,
            "cpu_threads_per_core": 1,
            "credit_specification": [
              {
                "cpu_credits": "standard"
              }
            ],
            "disable_api_termination": false,
            "ebs_block_device": [],
            "ebs_optimized": false,
            "enclave_options": [
              {
                "enabled": false
              }
            ],
            "ephemeral_block_device": [],
            "get_password_data": false,
            "hibernation": false,
            "host_id": null,
            "iam_instance_profile": "",
            "id": "i-0fa1b8128e35fe23e",
            "instance_initiated_shutdown_behavior": "stop",
            "instance_state": "running",
            "instance_type": "t2.micro",
            "ipv6_address_count": 0,
            "ipv6_addresses": [],
            "key_name": "private_key_pair1",
            "launch_template": [],
            "metadata_options": [
              {
                "http_endpoint": "enabled",
                "http_put_response_hop_limit": 1,
                "http_tokens": "optional",
                "instance_metadata_tags": "disabled"
              }
            ],
            "monitoring": false,
            "network_interface": [],
            "outpost_arn": "",
            "password_data": "",
            "placement_group": "",
            "placement_partition_number": null,
            "primary_network_interface_id": "eni-0867d7433ca82d0d2",
            "private_dns": "ip-10-0-1-56.ap-southeast-1.compute.internal",
            "private_ip": "10.0.1.56",
            "public_dns": "",
            "public_ip": "",
            "root_block_device": [
              {
                "delete_on_termination": true,
                "device_name": "/dev/sda1",
                "encrypted": false,
                "iops": 100,
                "kms_key_id": "",
                "tags": {},
                "throughput": 0,
                "volume_id": "vol-0dfbd5bba976b433c",
                "volume_size": 8,
                "volume_type": "gp2"
              }
            ],
            "secondary_private_ips": [],
            "security_groups": [],
            "source_dest_check": true,
            "subnet_id": "subnet-09fbc6d720daf01b2",
            "tags": {
              "Environment": "Test",
              "Name": "Intern_server",
              "Owner": "Julian",
              "Project": "Intern",
              "Version": "1.1"
            },
            "tags_all": {
              "Environment": "Test",
              "Name": "Intern_server",
              "Owner": "Julian",
              "Project": "Intern",
              "Version": "1.1"
            },
            "tenancy": "default",
            "timeouts": null,
            "user_data": null,
            "user_data_base64": null,
            "volume_tags": null,
            "vpc_security_group_ids": [
              "sg-05b4234bcbe11cefa"
            ]
          },
          "sensitive_attributes": [],
          "private": "eyJlMmJmYjczMC1lY2FhLTExZTYtOGY4OC0zNDM2M2JjN2M0YzAiOnsiY3JlYXRlIjo2MDAwMDAwMDAwMDAsImRlbGV0ZSI6MTIwMDAwMDAwMDAwMCwidXBkYXRlIjo2MDAwMDAwMDAwMDB9LCJzY2hlbWFfdmVyc2lvbiI6IjEifQ==",
          "dependencies": [
            "module.security_group.aws_security_group.Intern_private_security_group",
            "module.subnet.aws_subnet.Intern_subnet",
            "module.vpc.aws_vpc.Intern_VPC"
          ]
        }
      ]
    },
    {
      "module": "module.keypair",
      "mode": "managed",
      "type": "aws_key_pair",
      "name": "private_key_pair",
      "provider": "provider[\"registry.terraform.io/hashicorp/aws\"]",
      "instances": [
        {
          "schema_version": 1,
          "attributes": {
            "arn": "arn:aws:ec2:ap-southeast-1:283300159070:key-pair/private_key_pair1",
            "fingerprint": "5f:0f:c8:44:23:79:f0:bf:1b:06:5d:c4:47:31:f0:33",
            "id": "private_key_pair1",
            "key_name": "private_key_pair1",
            "key_name_prefix": "",
            "key_pair_id": "key-0f228d7d3903b5b06",
            "public_key": "ssh-rsa AAAAB3NzaC1yc2EAAAADAQABAAABAQDO2JF4s0XBTp9aI0xNgF0SBGa3Xrh1bQMCKWdpw0we7IkA0rBTb549WhInxijudxEdMmlQ117HT1eV9oNXIE0ysm+OgoHz53w5qVySyduGiruD6jZofb2uLiniRDwrMT4DMM1sycK2IT6kOKsP6eITr4H+fFpJ55IxOfZi4fKR20mcH+Rud5XN5Jx1GZpsbh4HUpR3fePBpr+fdKVDKThIXM4Cxm7/AoAYXXKxq1OIy8niiPRV/a0ayXBItoVrhjeukwoumEqI0APMSz+L7b/YR1oIv4X3k6oAzPSAY+OCINJElsT5hBW6hTVhm6W170m7X7QrLtqAkfDgu02+rlSL",
            "tags": null,
            "tags_all": {}
          },
          "sensitive_attributes": [],
          "private": "eyJzY2hlbWFfdmVyc2lvbiI6IjEifQ==",
          "dependencies": [
            "module.keypair.tls_private_key.public_key2"
          ]
        }
      ]
    },
    {
      "module": "module.keypair",
      "mode": "managed",
      "type": "aws_key_pair",
      "name": "public_key_pair",
      "provider": "provider[\"registry.terraform.io/hashicorp/aws\"]",
      "instances": [
        {
          "schema_version": 1,
          "attributes": {
            "arn": "arn:aws:ec2:ap-southeast-1:283300159070:key-pair/public_key_pair1",
            "fingerprint": "d0:6a:18:4f:20:e6:ae:3b:e1:92:5c:0d:77:b6:d5:0f",
            "id": "public_key_pair1",
            "key_name": "public_key_pair1",
            "key_name_prefix": "",
            "key_pair_id": "key-0a15f06ceb447edd5",
            "public_key": "ssh-rsa AAAAB3NzaC1yc2EAAAADAQABAAABAQDnE12jKHavAgJPgKiVawuVCnHtP9H+QKEeS7Mdqn1hx2AHs3pSfQT13BkuHide35Vk+C8S5qggBcwy75njhZYDgQiCIRe7+JXFwtF0OZMn167As1nTO38ZNRwqteKt0EZuljyjHy9rTis3BgcqPVTk8C0KDXYq+7YX4mIoXdsOwXNQaNTzueqKsVuEcuXmp46/FtbUKmo1aYLHiqL/oBC8Rt8R3f/2adrH1lHM2SNuj0i0IjXZdBhyJ+IIR9EP/51dESNWmd83+yfvuggCzK4W4SF5oCeK3fO6RG9mdz4H3R5RsXp0qq2q91JHu5kJO2SNE78sQCh9NzJGb6lF2xo3",
            "tags": null,
            "tags_all": {}
          },
          "sensitive_attributes": [],
          "private": "eyJzY2hlbWFfdmVyc2lvbiI6IjEifQ==",
          "dependencies": [
            "module.keypair.tls_private_key.public_key1"
          ]
        }
      ]
    },
    {
      "module": "module.keypair",
      "mode": "managed",
      "type": "local_file",
      "name": "ssh_key",
      "provider": "provider[\"registry.terraform.io/hashicorp/local\"]",
      "instances": [
        {
          "schema_version": 0,
          "attributes": {
            "content": "-----BEGIN RSA PRIVATE KEY-----\nMIIEpAIBAAKCAQEA5xNdoyh2rwICT4ColWsLlQpx7T/R/kChHkuzHap9YcdgB7N6\nUn0E9dwZLh4nXt+VZPgvEuaoIAXMMu+Z44WWA4EIgiEXu/iVxcLRdDmTJ9euwLNZ\n0zt/GTUcKrXirdBGbpY8ox8va04rNwYHKj1U5PAtCg12Kvu2F+JiKF3bDsFzUGjU\n87nqirFbhHLl5qeOvxbW1CpqNWmCx4qi/6AQvEbfEd3/9mnax9ZRzNkjbo9ItCI1\n2XQYcifiCEfRD/+dXREjVpnfN/sn77oIAsyuFuEheaAnit3zukRvZnc+B90eUbF6\ndKqtqvdSR7uZCTtkjRO/LEAofTcyRm+pRdsaNwIDAQABAoIBAQC4QzUT+hxKCewV\nwZ6tJ6Mgwid+7Lljad4Q7oRyT5WT9wyYl4IfbRobg9uAbwMuIFRdI5tGEzBV+MmQ\nhIfOaqPpP2etfP4UInIsNOIZMCAsUU1E1L/4NSVw0G0ZkdikicTgQmUwHpoNk1Pa\nmK/1+tpLhUolDf8A35+hBCEJ123rIMvtgYfLS5YzFp/UhVzg3s9Zb+jIYtpQ9eDw\nk5cLNHq/8XU78ZWsYLnhf/ieBO9jRUmcFZ/DwGUGQo5lJ5rzTP515e53lqtAFbvY\nmOUyOs+nK9vhYtqA7HulWY/nfr0Ed+hRpLzGyFCn1BKK79xgdw4Xcz9o5FZ/5hZB\nRoAa3NChAoGBAPnjL35qaEvkLZayaUt0y/n1ZtGvvhg1Z7CjuhEKg+99Us1xsJ1f\nwa0w1bxUxVOT/Hu5AGVPUs1gn9pzJtyMncZWd+gsgH5URW+kIlmNMQLxC2a7ni3p\nUkbtgr/JNEfkWIk/gb4jUsXmlHV1O9qb7fQOzbVHvNPCa3AricVjl0CrAoGBAOy6\nYRuwyOwdBGkzl4SqHVa2NuWJAKzmKUZIeR9bKNZGoiOgQu5TYLnf2E6gMvDAbmji\n6tBlSrtArWmTQemLtcYA9BaYDpZyaRs8OhcT7ibHQWKo2h7rjvHIUoVsKjEVF4k1\neH9DnztCBYDo+0UY5JPeTIKm3tbpzMQ+dUFSk0SlAoGAemrr13h1g8hS9SKOJuMf\nEmNAbbU04VM4avaqrrKCFA9HQ1JQ/aftj9T+wHae/OTgqhPlt7v2ipqtdS04eo+A\ns6ukrl8uy7SpF5pHIavjuNcxiLCdO0y0e/7bMO126UlaflJYUzem00C0th4qplwB\nZLDj4c01GmCClb8ejU7OyGUCgYAU1MXM0P6tQFRuCXsw0mNoiPpFsoubq1lAdQor\nhzMNwANujSC2piGh2Z/IM3KoGtbcZfNxySgNWECqRKoNKh0hwl24S0MlXAYBvogC\nFd/kC66mRuOCywm2HwGb+guwbAG5MjpbQJEXftTLJjVOPEWI+YvUB2kekk5Riol4\n6RJKfQKBgQC9vGiRZ4sPAcorfSdvBRwWiReQOVw0x5Sj+AqrBqH+kyZD7ouai4W7\nBOfyQGMLVnfQIT+rWD2lk0PbYMU+jhmCiU8lYbHww+7RnuPssPZt54Q9iejaNRNQ\n0ghfIfScdDdG2ncUeSw0nkehUSmocRqtUZVGfqSovwAayis2XJPTJw==\n-----END RSA PRIVATE KEY-----\n",
            "content_base64": null,
            "directory_permission": "0777",
            "file_permission": "0777",
            "filename": "public_key_pair1.pem",
            "id": "a92a7c0169c17b1445a58f60af8da778e273860d",
            "sensitive_content": null,
            "source": null
          },
          "sensitive_attributes": [
            [
              {
                "type": "get_attr",
                "value": "content"
              }
            ]
          ],
          "private": "bnVsbA==",
          "dependencies": [
            "module.keypair.aws_key_pair.public_key_pair",
            "module.keypair.tls_private_key.public_key1"
          ]
        }
      ]
    },
    {
      "module": "module.keypair",
      "mode": "managed",
      "type": "local_file",
      "name": "ssh_key2",
      "provider": "provider[\"registry.terraform.io/hashicorp/local\"]",
      "instances": [
        {
          "schema_version": 0,
          "attributes": {
            "content": "-----BEGIN RSA PRIVATE KEY-----\nMIIEpAIBAAKCAQEAztiReLNFwU6fWiNMTYBdEgRmt164dW0DAilnacNMHuyJANKw\nU2+ePVoSJ8Yo7ncRHTJpUNdex09XlfaDVyBNMrJvjoKB8+d8Oalcksnbhoq7g+o2\naH29ri4p4kQ8KzE+AzDNbMnCtiE+pDirD+niE6+B/nxaSeeSMTn2YuHykdtJnB/k\nbneVzeScdRmabG4eB1KUd33jwaa/n3SlQyk4SFzOAsZu/wKAGF1ysatTiMvJ4oj0\nVf2tGslwSLaFa4Y3rpMKLphKiNADzEs/i+2/2EdaCL+F95OqAMz0gGPjgiDSRJbE\n+YQVuoU1YZulte9Ju1+0Ky7agJHw4LtNvq5UiwIDAQABAoIBAGp7ntfuIjjTisFS\nbpNvQ3pk/aPkhT0eM3BHdE9EFMnOpvDfhZpOWb3nwnTrVGL+tLa9Hu5ZERe1xrcS\nwqZ1oIg6x6crlE7FmnPsthVzCSoH/WR5jCzanm0uoq0yx27M2Mm3s+kPLMep8Z+E\n9LsqghH0Rg2GYsytA9uHpUleXAutVHK3cIA894kdJ//c/HyPwTiXJeo2iNzN/s0F\nEGrTXvWyqZBWX/anPcRGS8z+K2Ljxiy63zWat/ERYcZFrhn1Aw9P044QpQ1MCUrF\nV6SYAQTM/z9+qwvi/uydnZbP3WMpaSGu6tvKtzn5p8/3XfyQjTLT2/14v2YugSMs\nZGSP8DECgYEA98WqEtw+KClCkQ6YEqRq2rDlmdnSPNcwyqB9unDTeKtvYKx0v06Q\ngiMHfuixWTav+lBHD4belpTCsPDiWTpj8vKHLXUHPyU9YceuI7ejWfFG/MnR/i7T\ng/c5CYLKVz0Xx1PTk/V3d37mdaTllHez/CPZTl/TUwdfcf7epwjWAc8CgYEA1bb8\njhZF0D1LwwjdMHqCHnFUXCuqsBJlmbyCyAojSmrpNr4LwQriOpLzZnlGCS9Y6mIQ\n/3gibhrBBgjQDqHdvgBr7vOoa/+SR4TQUuMuQ99G3tfW6hathZJiHAkTqnJMb6N4\nz5jhmiz75kGQ6t01ejaepG4JQTe+scymVybXXIUCgYEA8+ePDlXkkiBbuPPG28Mi\ntPkibBsyjFXBYBYw7lGWutj4IRBjNNegBZt6C4IA4zOkdCKGcVBw2YbDSO83wmJq\ndYQtcaAcbBq6nAC2+c4Sbb3IBZyerTtnWCcL7MLlcI9hUwS/6Izg967iKrkSjt5v\nPSwFBNPr8XX2jP86Ku/Vy50CgYBcPJ6hwFEfP+U75s54BtezxdvP7/S6CyaYhHi5\nV07F5oCC5ODzzvu2pgew2XR1sF6iwfJuH+5UMO3P6evJ9OhcAZiTx8uP2PzMKzEy\nJOSp3Gqc8PDLlUAM3xHC4dQAA1aj9BzHFEeCIBoT1YZzJ0fWWE59zxPlduaxnA7K\nnHPkdQKBgQDvs5EziQEYBYnMwoeIV2TZ0jp2UeaoTCrplA1rgfymIsATRHtjOZTP\nRJPsz+ACttkvSNuBV4SsrXisNSYjQ2N69u7DC2nwxwFY02ljdvU3HAOBuZA2B8j7\n23WrC2Rz4yjL7OwKqA31MI8kQUj1G2pSa5hxMY/m/ew/Cxz6mcXzag==\n-----END RSA PRIVATE KEY-----\n",
            "content_base64": null,
            "directory_permission": "0777",
            "file_permission": "0777",
            "filename": "private_key_pair1.pem",
            "id": "67f9f1cb6380d857417776cd4347f6aaf96d8631",
            "sensitive_content": null,
            "source": null
          },
          "sensitive_attributes": [
            [
              {
                "type": "get_attr",
                "value": "content"
              }
            ]
          ],
          "private": "bnVsbA==",
          "dependencies": [
            "module.keypair.aws_key_pair.private_key_pair",
            "module.keypair.tls_private_key.public_key2"
          ]
        }
      ]
    },
    {
      "module": "module.keypair",
      "mode": "managed",
      "type": "tls_private_key",
      "name": "public_key1",
      "provider": "provider[\"registry.terraform.io/hashicorp/tls\"]",
      "instances": [
        {
          "schema_version": 0,
          "attributes": {
            "algorithm": "RSA",
            "ecdsa_curve": "P224",
            "id": "ff32c05405da0d108e37e9dc419222ae27d7aaa9",
            "private_key_openssh": "-----BEGIN OPENSSH PRIVATE KEY-----\nb3BlbnNzaC1rZXktdjEAAAAABG5vbmUAAAAEbm9uZQAAAAAAAAABAAABFwAAAAdz\nc2gtcnNhAAAAAwEAAQAAAQEA5xNdoyh2rwICT4ColWsLlQpx7T/R/kChHkuzHap9\nYcdgB7N6Un0E9dwZLh4nXt+VZPgvEuaoIAXMMu+Z44WWA4EIgiEXu/iVxcLRdDmT\nJ9euwLNZ0zt/GTUcKrXirdBGbpY8ox8va04rNwYHKj1U5PAtCg12Kvu2F+JiKF3b\nDsFzUGjU87nqirFbhHLl5qeOvxbW1CpqNWmCx4qi/6AQvEbfEd3/9mnax9ZRzNkj\nbo9ItCI12XQYcifiCEfRD/+dXREjVpnfN/sn77oIAsyuFuEheaAnit3zukRvZnc+\nB90eUbF6dKqtqvdSR7uZCTtkjRO/LEAofTcyRm+pRdsaNwAAA7hEE2U8RBNlPAAA\nAAdzc2gtcnNhAAABAQDnE12jKHavAgJPgKiVawuVCnHtP9H+QKEeS7Mdqn1hx2AH\ns3pSfQT13BkuHide35Vk+C8S5qggBcwy75njhZYDgQiCIRe7+JXFwtF0OZMn167A\ns1nTO38ZNRwqteKt0EZuljyjHy9rTis3BgcqPVTk8C0KDXYq+7YX4mIoXdsOwXNQ\naNTzueqKsVuEcuXmp46/FtbUKmo1aYLHiqL/oBC8Rt8R3f/2adrH1lHM2SNuj0i0\nIjXZdBhyJ+IIR9EP/51dESNWmd83+yfvuggCzK4W4SF5oCeK3fO6RG9mdz4H3R5R\nsXp0qq2q91JHu5kJO2SNE78sQCh9NzJGb6lF2xo3AAAAAwEAAQAAAQEAuEM1E/oc\nSgnsFcGerSejIMInfuy5Y2neEO6Eck+Vk/cMmJeCH20aG4PbgG8DLiBUXSObRhMw\nVfjJkISHzmqj6T9nrXz+FCJyLDTiGTAgLFFNRNS/+DUlcNBtGZHYpInE4EJlMB6a\nDZNT2piv9fraS4VKJQ3/AN+foQQhCddt6yDL7YGHy0uWMxaf1IVc4N7PWW/oyGLa\nUPXg8JOXCzR6v/F1O/GVrGC54X/4ngTvY0VJnBWfw8BlBkKOZSea80z+deXud5ar\nQBW72JjlMjrPpyvb4WLagOx7pVmP5369BHfoUaS8xshQp9QSiu/cYHcOF3M/aORW\nf+YWQUaAGtzQoQAAAIEAvbxokWeLDwHKK30nbwUcFokXkDlcNMeUo/gKqwah/pMm\nQ+6LmouFuwTn8kBjC1Z30CE/q1g9pZND22DFPo4ZgolPJWGx8MPu0Z7j7LD2beeE\nPYno2jUTUNIIXyH0nHQ3Rtp3FHksNJ5HoVEpqHEarVGVRn6kqL8AGsorNlyT0ycA\nAACBAPnjL35qaEvkLZayaUt0y/n1ZtGvvhg1Z7CjuhEKg+99Us1xsJ1fwa0w1bxU\nxVOT/Hu5AGVPUs1gn9pzJtyMncZWd+gsgH5URW+kIlmNMQLxC2a7ni3pUkbtgr/J\nNEfkWIk/gb4jUsXmlHV1O9qb7fQOzbVHvNPCa3AricVjl0CrAAAAgQDsumEbsMjs\nHQRpM5eEqh1WtjbliQCs5ilGSHkfWyjWRqIjoELuU2C539hOoDLwwG5o4urQZUq7\nQK1pk0Hpi7XGAPQWmA6WcmkbPDoXE+4mx0FiqNoe647xyFKFbCoxFReJNXh/Q587\nQgWA6PtFGOST3kyCpt7W6czEPnVBUpNEpQAAAAAB\n-----END OPENSSH PRIVATE KEY-----\n",
            "private_key_pem": "-----BEGIN RSA PRIVATE KEY-----\nMIIEpAIBAAKCAQEA5xNdoyh2rwICT4ColWsLlQpx7T/R/kChHkuzHap9YcdgB7N6\nUn0E9dwZLh4nXt+VZPgvEuaoIAXMMu+Z44WWA4EIgiEXu/iVxcLRdDmTJ9euwLNZ\n0zt/GTUcKrXirdBGbpY8ox8va04rNwYHKj1U5PAtCg12Kvu2F+JiKF3bDsFzUGjU\n87nqirFbhHLl5qeOvxbW1CpqNWmCx4qi/6AQvEbfEd3/9mnax9ZRzNkjbo9ItCI1\n2XQYcifiCEfRD/+dXREjVpnfN/sn77oIAsyuFuEheaAnit3zukRvZnc+B90eUbF6\ndKqtqvdSR7uZCTtkjRO/LEAofTcyRm+pRdsaNwIDAQABAoIBAQC4QzUT+hxKCewV\nwZ6tJ6Mgwid+7Lljad4Q7oRyT5WT9wyYl4IfbRobg9uAbwMuIFRdI5tGEzBV+MmQ\nhIfOaqPpP2etfP4UInIsNOIZMCAsUU1E1L/4NSVw0G0ZkdikicTgQmUwHpoNk1Pa\nmK/1+tpLhUolDf8A35+hBCEJ123rIMvtgYfLS5YzFp/UhVzg3s9Zb+jIYtpQ9eDw\nk5cLNHq/8XU78ZWsYLnhf/ieBO9jRUmcFZ/DwGUGQo5lJ5rzTP515e53lqtAFbvY\nmOUyOs+nK9vhYtqA7HulWY/nfr0Ed+hRpLzGyFCn1BKK79xgdw4Xcz9o5FZ/5hZB\nRoAa3NChAoGBAPnjL35qaEvkLZayaUt0y/n1ZtGvvhg1Z7CjuhEKg+99Us1xsJ1f\nwa0w1bxUxVOT/Hu5AGVPUs1gn9pzJtyMncZWd+gsgH5URW+kIlmNMQLxC2a7ni3p\nUkbtgr/JNEfkWIk/gb4jUsXmlHV1O9qb7fQOzbVHvNPCa3AricVjl0CrAoGBAOy6\nYRuwyOwdBGkzl4SqHVa2NuWJAKzmKUZIeR9bKNZGoiOgQu5TYLnf2E6gMvDAbmji\n6tBlSrtArWmTQemLtcYA9BaYDpZyaRs8OhcT7ibHQWKo2h7rjvHIUoVsKjEVF4k1\neH9DnztCBYDo+0UY5JPeTIKm3tbpzMQ+dUFSk0SlAoGAemrr13h1g8hS9SKOJuMf\nEmNAbbU04VM4avaqrrKCFA9HQ1JQ/aftj9T+wHae/OTgqhPlt7v2ipqtdS04eo+A\ns6ukrl8uy7SpF5pHIavjuNcxiLCdO0y0e/7bMO126UlaflJYUzem00C0th4qplwB\nZLDj4c01GmCClb8ejU7OyGUCgYAU1MXM0P6tQFRuCXsw0mNoiPpFsoubq1lAdQor\nhzMNwANujSC2piGh2Z/IM3KoGtbcZfNxySgNWECqRKoNKh0hwl24S0MlXAYBvogC\nFd/kC66mRuOCywm2HwGb+guwbAG5MjpbQJEXftTLJjVOPEWI+YvUB2kekk5Riol4\n6RJKfQKBgQC9vGiRZ4sPAcorfSdvBRwWiReQOVw0x5Sj+AqrBqH+kyZD7ouai4W7\nBOfyQGMLVnfQIT+rWD2lk0PbYMU+jhmCiU8lYbHww+7RnuPssPZt54Q9iejaNRNQ\n0ghfIfScdDdG2ncUeSw0nkehUSmocRqtUZVGfqSovwAayis2XJPTJw==\n-----END RSA PRIVATE KEY-----\n",
            "public_key_fingerprint_md5": "9a:ca:a9:21:67:c9:24:07:be:7e:f8:97:28:fc:61:69",
            "public_key_fingerprint_sha256": "SHA256:JuZr5Ag/vpLZl/2Lt/Vgn/dUzdB2GON3rNJ/9bG6lAA",
            "public_key_openssh": "ssh-rsa AAAAB3NzaC1yc2EAAAADAQABAAABAQDnE12jKHavAgJPgKiVawuVCnHtP9H+QKEeS7Mdqn1hx2AHs3pSfQT13BkuHide35Vk+C8S5qggBcwy75njhZYDgQiCIRe7+JXFwtF0OZMn167As1nTO38ZNRwqteKt0EZuljyjHy9rTis3BgcqPVTk8C0KDXYq+7YX4mIoXdsOwXNQaNTzueqKsVuEcuXmp46/FtbUKmo1aYLHiqL/oBC8Rt8R3f/2adrH1lHM2SNuj0i0IjXZdBhyJ+IIR9EP/51dESNWmd83+yfvuggCzK4W4SF5oCeK3fO6RG9mdz4H3R5RsXp0qq2q91JHu5kJO2SNE78sQCh9NzJGb6lF2xo3\n",
            "public_key_pem": "-----BEGIN PUBLIC KEY-----\nMIIBIjANBgkqhkiG9w0BAQEFAAOCAQ8AMIIBCgKCAQEA5xNdoyh2rwICT4ColWsL\nlQpx7T/R/kChHkuzHap9YcdgB7N6Un0E9dwZLh4nXt+VZPgvEuaoIAXMMu+Z44WW\nA4EIgiEXu/iVxcLRdDmTJ9euwLNZ0zt/GTUcKrXirdBGbpY8ox8va04rNwYHKj1U\n5PAtCg12Kvu2F+JiKF3bDsFzUGjU87nqirFbhHLl5qeOvxbW1CpqNWmCx4qi/6AQ\nvEbfEd3/9mnax9ZRzNkjbo9ItCI12XQYcifiCEfRD/+dXREjVpnfN/sn77oIAsyu\nFuEheaAnit3zukRvZnc+B90eUbF6dKqtqvdSR7uZCTtkjRO/LEAofTcyRm+pRdsa\nNwIDAQAB\n-----END PUBLIC KEY-----\n",
            "rsa_bits": 2048
          },
          "sensitive_attributes": [],
          "private": "bnVsbA=="
        }
      ]
    },
    {
      "module": "module.keypair",
      "mode": "managed",
      "type": "tls_private_key",
      "name": "public_key2",
      "provider": "provider[\"registry.terraform.io/hashicorp/tls\"]",
      "instances": [
        {
          "schema_version": 0,
          "attributes": {
            "algorithm": "RSA",
            "ecdsa_curve": "P224",
            "id": "393a7d3d728396efc04af83dc3f0e10b3acca758",
            "private_key_openssh": "-----BEGIN OPENSSH PRIVATE KEY-----\nb3BlbnNzaC1rZXktdjEAAAAABG5vbmUAAAAEbm9uZQAAAAAAAAABAAABFwAAAAdz\nc2gtcnNhAAAAAwEAAQAAAQEAztiReLNFwU6fWiNMTYBdEgRmt164dW0DAilnacNM\nHuyJANKwU2+ePVoSJ8Yo7ncRHTJpUNdex09XlfaDVyBNMrJvjoKB8+d8Oalcksnb\nhoq7g+o2aH29ri4p4kQ8KzE+AzDNbMnCtiE+pDirD+niE6+B/nxaSeeSMTn2YuHy\nkdtJnB/kbneVzeScdRmabG4eB1KUd33jwaa/n3SlQyk4SFzOAsZu/wKAGF1ysatT\niMvJ4oj0Vf2tGslwSLaFa4Y3rpMKLphKiNADzEs/i+2/2EdaCL+F95OqAMz0gGPj\ngiDSRJbE+YQVuoU1YZulte9Ju1+0Ky7agJHw4LtNvq5UiwAAA7gwdtCFMHbQhQAA\nAAdzc2gtcnNhAAABAQDO2JF4s0XBTp9aI0xNgF0SBGa3Xrh1bQMCKWdpw0we7IkA\n0rBTb549WhInxijudxEdMmlQ117HT1eV9oNXIE0ysm+OgoHz53w5qVySyduGiruD\n6jZofb2uLiniRDwrMT4DMM1sycK2IT6kOKsP6eITr4H+fFpJ55IxOfZi4fKR20mc\nH+Rud5XN5Jx1GZpsbh4HUpR3fePBpr+fdKVDKThIXM4Cxm7/AoAYXXKxq1OIy8ni\niPRV/a0ayXBItoVrhjeukwoumEqI0APMSz+L7b/YR1oIv4X3k6oAzPSAY+OCINJE\nlsT5hBW6hTVhm6W170m7X7QrLtqAkfDgu02+rlSLAAAAAwEAAQAAAQBqe57X7iI4\n04rBUm6Tb0N6ZP2j5IU9HjNwR3RPRBTJzqbw34WaTlm958J061Ri/rS2vR7uWREX\ntca3EsKmdaCIOsenK5ROxZpz7LYVcwkqB/1keYws2p5tLqKtMsduzNjJt7PpDyzH\nqfGfhPS7KoIR9EYNhmLMrQPbh6VJXlwLrVRyt3CAPPeJHSf/3Px8j8E4lyXqNojc\nzf7NBRBq0171sqmQVl/2pz3ERkvM/iti48Ysut81mrfxEWHGRa4Z9QMPT9OOEKUN\nTAlKxVekmAEEzP8/fqsL4v7snZ2Wz91jKWkhrurbyrc5+afP9138kI0y09v9eL9m\nLoEjLGRkj/AxAAAAgQDvs5EziQEYBYnMwoeIV2TZ0jp2UeaoTCrplA1rgfymIsAT\nRHtjOZTPRJPsz+ACttkvSNuBV4SsrXisNSYjQ2N69u7DC2nwxwFY02ljdvU3HAOB\nuZA2B8j723WrC2Rz4yjL7OwKqA31MI8kQUj1G2pSa5hxMY/m/ew/Cxz6mcXzagAA\nAIEA98WqEtw+KClCkQ6YEqRq2rDlmdnSPNcwyqB9unDTeKtvYKx0v06QgiMHfuix\nWTav+lBHD4belpTCsPDiWTpj8vKHLXUHPyU9YceuI7ejWfFG/MnR/i7Tg/c5CYLK\nVz0Xx1PTk/V3d37mdaTllHez/CPZTl/TUwdfcf7epwjWAc8AAACBANW2/I4WRdA9\nS8MI3TB6gh5xVFwrqrASZZm8gsgKI0pq6Ta+C8EK4jqS82Z5RgkvWOpiEP94Im4a\nwQYI0A6h3b4Aa+7zqGv/kkeE0FLjLkPfRt7X1uoWrYWSYhwJE6pyTG+jeM+Y4Zos\n++ZBkOrdNXo2nqRuCUE3vrHMplcm11yFAAAAAAEC\n-----END OPENSSH PRIVATE KEY-----\n",
            "private_key_pem": "-----BEGIN RSA PRIVATE KEY-----\nMIIEpAIBAAKCAQEAztiReLNFwU6fWiNMTYBdEgRmt164dW0DAilnacNMHuyJANKw\nU2+ePVoSJ8Yo7ncRHTJpUNdex09XlfaDVyBNMrJvjoKB8+d8Oalcksnbhoq7g+o2\naH29ri4p4kQ8KzE+AzDNbMnCtiE+pDirD+niE6+B/nxaSeeSMTn2YuHykdtJnB/k\nbneVzeScdRmabG4eB1KUd33jwaa/n3SlQyk4SFzOAsZu/wKAGF1ysatTiMvJ4oj0\nVf2tGslwSLaFa4Y3rpMKLphKiNADzEs/i+2/2EdaCL+F95OqAMz0gGPjgiDSRJbE\n+YQVuoU1YZulte9Ju1+0Ky7agJHw4LtNvq5UiwIDAQABAoIBAGp7ntfuIjjTisFS\nbpNvQ3pk/aPkhT0eM3BHdE9EFMnOpvDfhZpOWb3nwnTrVGL+tLa9Hu5ZERe1xrcS\nwqZ1oIg6x6crlE7FmnPsthVzCSoH/WR5jCzanm0uoq0yx27M2Mm3s+kPLMep8Z+E\n9LsqghH0Rg2GYsytA9uHpUleXAutVHK3cIA894kdJ//c/HyPwTiXJeo2iNzN/s0F\nEGrTXvWyqZBWX/anPcRGS8z+K2Ljxiy63zWat/ERYcZFrhn1Aw9P044QpQ1MCUrF\nV6SYAQTM/z9+qwvi/uydnZbP3WMpaSGu6tvKtzn5p8/3XfyQjTLT2/14v2YugSMs\nZGSP8DECgYEA98WqEtw+KClCkQ6YEqRq2rDlmdnSPNcwyqB9unDTeKtvYKx0v06Q\ngiMHfuixWTav+lBHD4belpTCsPDiWTpj8vKHLXUHPyU9YceuI7ejWfFG/MnR/i7T\ng/c5CYLKVz0Xx1PTk/V3d37mdaTllHez/CPZTl/TUwdfcf7epwjWAc8CgYEA1bb8\njhZF0D1LwwjdMHqCHnFUXCuqsBJlmbyCyAojSmrpNr4LwQriOpLzZnlGCS9Y6mIQ\n/3gibhrBBgjQDqHdvgBr7vOoa/+SR4TQUuMuQ99G3tfW6hathZJiHAkTqnJMb6N4\nz5jhmiz75kGQ6t01ejaepG4JQTe+scymVybXXIUCgYEA8+ePDlXkkiBbuPPG28Mi\ntPkibBsyjFXBYBYw7lGWutj4IRBjNNegBZt6C4IA4zOkdCKGcVBw2YbDSO83wmJq\ndYQtcaAcbBq6nAC2+c4Sbb3IBZyerTtnWCcL7MLlcI9hUwS/6Izg967iKrkSjt5v\nPSwFBNPr8XX2jP86Ku/Vy50CgYBcPJ6hwFEfP+U75s54BtezxdvP7/S6CyaYhHi5\nV07F5oCC5ODzzvu2pgew2XR1sF6iwfJuH+5UMO3P6evJ9OhcAZiTx8uP2PzMKzEy\nJOSp3Gqc8PDLlUAM3xHC4dQAA1aj9BzHFEeCIBoT1YZzJ0fWWE59zxPlduaxnA7K\nnHPkdQKBgQDvs5EziQEYBYnMwoeIV2TZ0jp2UeaoTCrplA1rgfymIsATRHtjOZTP\nRJPsz+ACttkvSNuBV4SsrXisNSYjQ2N69u7DC2nwxwFY02ljdvU3HAOBuZA2B8j7\n23WrC2Rz4yjL7OwKqA31MI8kQUj1G2pSa5hxMY/m/ew/Cxz6mcXzag==\n-----END RSA PRIVATE KEY-----\n",
            "public_key_fingerprint_md5": "a1:ce:75:5b:24:c6:28:3c:cd:f8:b1:9b:c9:e7:b4:f3",
            "public_key_fingerprint_sha256": "SHA256:AeUDZ5vsvTslmT1VFa57DMOCrZhaFw6EJ4PvK8Cak2A",
            "public_key_openssh": "ssh-rsa AAAAB3NzaC1yc2EAAAADAQABAAABAQDO2JF4s0XBTp9aI0xNgF0SBGa3Xrh1bQMCKWdpw0we7IkA0rBTb549WhInxijudxEdMmlQ117HT1eV9oNXIE0ysm+OgoHz53w5qVySyduGiruD6jZofb2uLiniRDwrMT4DMM1sycK2IT6kOKsP6eITr4H+fFpJ55IxOfZi4fKR20mcH+Rud5XN5Jx1GZpsbh4HUpR3fePBpr+fdKVDKThIXM4Cxm7/AoAYXXKxq1OIy8niiPRV/a0ayXBItoVrhjeukwoumEqI0APMSz+L7b/YR1oIv4X3k6oAzPSAY+OCINJElsT5hBW6hTVhm6W170m7X7QrLtqAkfDgu02+rlSL\n",
            "public_key_pem": "-----BEGIN PUBLIC KEY-----\nMIIBIjANBgkqhkiG9w0BAQEFAAOCAQ8AMIIBCgKCAQEAztiReLNFwU6fWiNMTYBd\nEgRmt164dW0DAilnacNMHuyJANKwU2+ePVoSJ8Yo7ncRHTJpUNdex09XlfaDVyBN\nMrJvjoKB8+d8Oalcksnbhoq7g+o2aH29ri4p4kQ8KzE+AzDNbMnCtiE+pDirD+ni\nE6+B/nxaSeeSMTn2YuHykdtJnB/kbneVzeScdRmabG4eB1KUd33jwaa/n3SlQyk4\nSFzOAsZu/wKAGF1ysatTiMvJ4oj0Vf2tGslwSLaFa4Y3rpMKLphKiNADzEs/i+2/\n2EdaCL+F95OqAMz0gGPjgiDSRJbE+YQVuoU1YZulte9Ju1+0Ky7agJHw4LtNvq5U\niwIDAQAB\n-----END PUBLIC KEY-----\n",
            "rsa_bits": 2048
          },
          "sensitive_attributes": [],
          "private": "bnVsbA=="
        }
      ]
    },
    {
      "module": "module.network",
      "mode": "managed",
      "type": "aws_eip",
      "name": "Intern_nat_eip",
      "provider": "provider[\"registry.terraform.io/hashicorp/aws\"]",
      "instances": [
        {
          "schema_version": 0,
          "attributes": {
            "address": null,
            "allocation_id": "eipalloc-07d4a67e7c2127d9d",
            "associate_with_private_ip": null,
            "association_id": "",
            "carrier_ip": "",
            "customer_owned_ip": "",
            "customer_owned_ipv4_pool": "",
            "domain": "vpc",
            "id": "eipalloc-07d4a67e7c2127d9d",
            "instance": "",
            "network_border_group": "ap-southeast-1",
            "network_interface": "",
            "private_dns": null,
            "private_ip": "",
            "public_dns": "ec2-52-77-33-175.ap-southeast-1.compute.amazonaws.com",
            "public_ip": "52.77.33.175",
            "public_ipv4_pool": "amazon",
            "tags": {
              "Environment": "Test",
              "Name": "Intern_nat_eip",
              "Owner": "Julian",
              "Project": "Intern",
              "Version": "1.1"
            },
            "tags_all": {
              "Environment": "Test",
              "Name": "Intern_nat_eip",
              "Owner": "Julian",
              "Project": "Intern",
              "Version": "1.1"
            },
            "timeouts": null,
            "vpc": true
          },
          "sensitive_attributes": [],
          "private": "eyJlMmJmYjczMC1lY2FhLTExZTYtOGY4OC0zNDM2M2JjN2M0YzAiOnsiZGVsZXRlIjoxODAwMDAwMDAwMDAsInJlYWQiOjkwMDAwMDAwMDAwMCwidXBkYXRlIjozMDAwMDAwMDAwMDB9fQ==",
          "dependencies": [
            "module.network.aws_internet_gateway.Intern_igw",
            "module.vpc.aws_vpc.Intern_VPC"
          ]
        }
      ]
    },
    {
      "module": "module.network",
      "mode": "managed",
      "type": "aws_internet_gateway",
      "name": "Intern_igw",
      "provider": "provider[\"registry.terraform.io/hashicorp/aws\"]",
      "instances": [
        {
          "schema_version": 0,
          "attributes": {
            "arn": "arn:aws:ec2:ap-southeast-1:283300159070:internet-gateway/igw-02e7481055145fc99",
            "id": "igw-02e7481055145fc99",
            "owner_id": "283300159070",
            "tags": {
              "Environment": "Test",
              "Name": "Intern_igw",
              "Owner": "Julian",
              "Project": "Intern",
              "Version": "1.1"
            },
            "tags_all": {
              "Environment": "Test",
              "Name": "Intern_igw",
              "Owner": "Julian",
              "Project": "Intern",
              "Version": "1.1"
            },
            "vpc_id": "vpc-04705dfd739529948"
          },
          "sensitive_attributes": [],
          "private": "bnVsbA==",
          "dependencies": [
            "module.vpc.aws_vpc.Intern_VPC"
          ]
        }
      ]
    },
    {
      "module": "module.network",
      "mode": "managed",
      "type": "aws_nat_gateway",
      "name": "Intern_nat_gateway",
      "provider": "provider[\"registry.terraform.io/hashicorp/aws\"]",
      "instances": [
        {
          "schema_version": 0,
          "attributes": {
            "allocation_id": "eipalloc-07d4a67e7c2127d9d",
            "connectivity_type": "public",
            "id": "nat-09b78946d2eb95360",
            "network_interface_id": "eni-014231dcd719dfdae",
            "private_ip": "10.0.0.238",
            "public_ip": "52.77.33.175",
            "subnet_id": "subnet-09eb17ce50169c16d",
            "tags": {
              "Environment": "Test",
              "Name": "Intern_nat_gateway",
              "Owner": "Julian",
              "Project": "Intern",
              "Version": "1.1"
            },
            "tags_all": {
              "Environment": "Test",
              "Name": "Intern_nat_gateway",
              "Owner": "Julian",
              "Project": "Intern",
              "Version": "1.1"
            }
          },
          "sensitive_attributes": [],
          "private": "bnVsbA==",
          "dependencies": [
            "module.network.aws_eip.Intern_nat_eip",
            "module.network.aws_internet_gateway.Intern_igw",
            "module.subnet.aws_subnet.Intern_public_subnet",
            "module.vpc.aws_vpc.Intern_VPC"
          ]
        }
      ]
    },
    {
      "module": "module.network",
      "mode": "managed",
      "type": "aws_network_acl",
      "name": "Intern_NACL",
      "provider": "provider[\"registry.terraform.io/hashicorp/aws\"]",
      "instances": [
        {
          "schema_version": 0,
          "attributes": {
            "arn": "arn:aws:ec2:ap-southeast-1:283300159070:network-acl/acl-0add321266461ee8e",
            "egress": [
              {
                "action": "allow",
                "cidr_block": "",
                "from_port": 0,
                "icmp_code": null,
                "icmp_type": null,
                "ipv6_cidr_block": "::/0",
                "protocol": "-1",
                "rule_no": 400,
                "to_port": 0
              },
              {
                "action": "allow",
                "cidr_block": "0.0.0.0/0",
                "from_port": 0,
                "icmp_code": null,
                "icmp_type": null,
                "ipv6_cidr_block": "",
                "protocol": "-1",
                "rule_no": 300,
                "to_port": 0
              },
              {
                "action": "allow",
                "cidr_block": "10.194.229.128/28",
                "from_port": 0,
                "icmp_code": null,
                "icmp_type": null,
                "ipv6_cidr_block": "",
                "protocol": "-1",
                "rule_no": 200,
                "to_port": 0
              },
              {
                "action": "allow",
                "cidr_block": "10.194.229.160/28",
                "from_port": 0,
                "icmp_code": null,
                "icmp_type": null,
                "ipv6_cidr_block": "",
                "protocol": "-1",
                "rule_no": 100,
                "to_port": 0
              }
            ],
            "id": "acl-0add321266461ee8e",
            "ingress": [
              {
                "action": "allow",
                "cidr_block": "10.194.229.128/28",
                "from_port": 0,
                "icmp_code": null,
                "icmp_type": null,
                "ipv6_cidr_block": "",
                "protocol": "-1",
                "rule_no": 200,
                "to_port": 0
              },
              {
                "action": "allow",
                "cidr_block": "10.194.229.160/28",
                "from_port": 0,
                "icmp_code": null,
                "icmp_type": null,
                "ipv6_cidr_block": "",
                "protocol": "-1",
                "rule_no": 100,
                "to_port": 0
              }
            ],
            "owner_id": "283300159070",
            "subnet_ids": [],
            "tags": {
              "Environment": "Test",
              "Name": "Intern_NACL",
              "Owner": "Julian",
              "Project": "Intern",
              "Version": "1.1"
            },
            "tags_all": {
              "Environment": "Test",
              "Name": "Intern_NACL",
              "Owner": "Julian",
              "Project": "Intern",
              "Version": "1.1"
            },
            "vpc_id": "vpc-04705dfd739529948"
          },
          "sensitive_attributes": [],
          "private": "bnVsbA==",
          "dependencies": [
            "module.vpc.aws_vpc.Intern_VPC"
          ]
        }
      ]
    },
    {
      "module": "module.network",
      "mode": "managed",
      "type": "aws_route_table",
      "name": "Intern_private_route_table",
      "provider": "provider[\"registry.terraform.io/hashicorp/aws\"]",
      "instances": [
        {
          "schema_version": 0,
          "attributes": {
            "arn": "arn:aws:ec2:ap-southeast-1:283300159070:route-table/rtb-0dc804e6536630771",
            "id": "rtb-0dc804e6536630771",
            "owner_id": "283300159070",
            "propagating_vgws": [],
            "route": [
              {
                "carrier_gateway_id": "",
                "cidr_block": "0.0.0.0/0",
                "destination_prefix_list_id": "",
                "egress_only_gateway_id": "",
                "gateway_id": "nat-09b78946d2eb95360",
                "instance_id": "",
                "ipv6_cidr_block": "",
                "local_gateway_id": "",
                "nat_gateway_id": "",
                "network_interface_id": "",
                "transit_gateway_id": "",
                "vpc_endpoint_id": "",
                "vpc_peering_connection_id": ""
              }
            ],
            "tags": {
              "Environment": "Test",
              "Name": "Intern_private_route_table",
              "Owner": "Julian",
              "Project": "Intern",
              "Version": "1.1"
            },
            "tags_all": {
              "Environment": "Test",
              "Name": "Intern_private_route_table",
              "Owner": "Julian",
              "Project": "Intern",
              "Version": "1.1"
            },
            "timeouts": null,
            "vpc_id": "vpc-04705dfd739529948"
          },
          "sensitive_attributes": [],
          "private": "eyJlMmJmYjczMC1lY2FhLTExZTYtOGY4OC0zNDM2M2JjN2M0YzAiOnsiY3JlYXRlIjozMDAwMDAwMDAwMDAsImRlbGV0ZSI6MzAwMDAwMDAwMDAwLCJ1cGRhdGUiOjEyMDAwMDAwMDAwMH19",
          "dependencies": [
            "module.network.aws_eip.Intern_nat_eip",
            "module.network.aws_internet_gateway.Intern_igw",
            "module.network.aws_nat_gateway.Intern_nat_gateway",
            "module.subnet.aws_subnet.Intern_public_subnet",
            "module.vpc.aws_vpc.Intern_VPC"
          ]
        }
      ]
    },
    {
      "module": "module.network",
      "mode": "managed",
      "type": "aws_route_table",
      "name": "Intern_public_route_table",
      "provider": "provider[\"registry.terraform.io/hashicorp/aws\"]",
      "instances": [
        {
          "schema_version": 0,
          "attributes": {
            "arn": "arn:aws:ec2:ap-southeast-1:283300159070:route-table/rtb-072b9ddc930aa4f10",
            "id": "rtb-072b9ddc930aa4f10",
            "owner_id": "283300159070",
            "propagating_vgws": [],
            "route": [
              {
                "carrier_gateway_id": "",
                "cidr_block": "0.0.0.0/0",
                "destination_prefix_list_id": "",
                "egress_only_gateway_id": "",
                "gateway_id": "igw-02e7481055145fc99",
                "instance_id": "",
                "ipv6_cidr_block": "",
                "local_gateway_id": "",
                "nat_gateway_id": "",
                "network_interface_id": "",
                "transit_gateway_id": "",
                "vpc_endpoint_id": "",
                "vpc_peering_connection_id": ""
              }
            ],
            "tags": {
              "Environment": "Test",
              "Name": "Intern_public_route_table",
              "Owner": "Julian",
              "Project": "Intern",
              "Version": "1.1"
            },
            "tags_all": {
              "Environment": "Test",
              "Name": "Intern_public_route_table",
              "Owner": "Julian",
              "Project": "Intern",
              "Version": "1.1"
            },
            "timeouts": null,
            "vpc_id": "vpc-04705dfd739529948"
          },
          "sensitive_attributes": [],
          "private": "eyJlMmJmYjczMC1lY2FhLTExZTYtOGY4OC0zNDM2M2JjN2M0YzAiOnsiY3JlYXRlIjozMDAwMDAwMDAwMDAsImRlbGV0ZSI6MzAwMDAwMDAwMDAwLCJ1cGRhdGUiOjEyMDAwMDAwMDAwMH19",
          "dependencies": [
            "module.network.aws_internet_gateway.Intern_igw",
            "module.vpc.aws_vpc.Intern_VPC"
          ]
        }
      ]
    },
    {
      "module": "module.network",
      "mode": "managed",
      "type": "aws_route_table_association",
      "name": "Intern_private_route_association",
      "provider": "provider[\"registry.terraform.io/hashicorp/aws\"]",
      "instances": [
        {
          "schema_version": 0,
          "attributes": {
            "gateway_id": "",
            "id": "rtbassoc-0ca5e2da39e274a51",
            "route_table_id": "rtb-0dc804e6536630771",
            "subnet_id": "subnet-09fbc6d720daf01b2"
          },
          "sensitive_attributes": [],
          "private": "bnVsbA==",
          "dependencies": [
            "module.network.aws_eip.Intern_nat_eip",
            "module.network.aws_internet_gateway.Intern_igw",
            "module.network.aws_nat_gateway.Intern_nat_gateway",
            "module.network.aws_route_table.Intern_private_route_table",
            "module.subnet.aws_subnet.Intern_public_subnet",
            "module.subnet.aws_subnet.Intern_subnet",
            "module.vpc.aws_vpc.Intern_VPC"
          ]
        }
      ]
    },
    {
      "module": "module.network",
      "mode": "managed",
      "type": "aws_route_table_association",
      "name": "Intern_public_route_association",
      "provider": "provider[\"registry.terraform.io/hashicorp/aws\"]",
      "instances": [
        {
          "schema_version": 0,
          "attributes": {
            "gateway_id": "",
            "id": "rtbassoc-0c0350a12abf6483a",
            "route_table_id": "rtb-072b9ddc930aa4f10",
            "subnet_id": "subnet-09eb17ce50169c16d"
          },
          "sensitive_attributes": [],
          "private": "bnVsbA==",
          "dependencies": [
            "module.network.aws_internet_gateway.Intern_igw",
            "module.network.aws_route_table.Intern_public_route_table",
            "module.subnet.aws_subnet.Intern_public_subnet",
            "module.vpc.aws_vpc.Intern_VPC"
          ]
        }
      ]
    },
    {
      "module": "module.security_group",
      "mode": "managed",
      "type": "aws_security_group",
      "name": "Intern_private_security_group",
      "provider": "provider[\"registry.terraform.io/hashicorp/aws\"]",
      "instances": [
        {
          "schema_version": 1,
          "attributes": {
            "arn": "arn:aws:ec2:ap-southeast-1:283300159070:security-group/sg-05b4234bcbe11cefa",
            "description": "Managed by Terraform",
            "egress": [
              {
                "cidr_blocks": [
                  "0.0.0.0/0"
                ],
                "description": "",
                "from_port": 0,
                "ipv6_cidr_blocks": [
                  "::/0"
                ],
                "prefix_list_ids": [],
                "protocol": "-1",
                "security_groups": [],
                "self": false,
                "to_port": 0
              }
            ],
            "id": "sg-05b4234bcbe11cefa",
            "ingress": [
              {
                "cidr_blocks": [
                  "0.0.0.0/0"
                ],
                "description": "",
                "from_port": 22,
                "ipv6_cidr_blocks": [
                  "::/0"
                ],
                "prefix_list_ids": [],
                "protocol": "tcp",
                "security_groups": [],
                "self": false,
                "to_port": 22
              }
            ],
            "name": "Intern_private_security_group",
            "name_prefix": "",
            "owner_id": "283300159070",
            "revoke_rules_on_delete": false,
            "tags": {
              "Environment": "Test",
              "Name": "Intern_private_security_group",
              "Owner": "Julian",
              "Service": "Example"
            },
            "tags_all": {
              "Environment": "Test",
              "Name": "Intern_private_security_group",
              "Owner": "Julian",
              "Service": "Example"
            },
            "timeouts": null,
            "vpc_id": "vpc-04705dfd739529948"
          },
          "sensitive_attributes": [],
          "private": "eyJlMmJmYjczMC1lY2FhLTExZTYtOGY4OC0zNDM2M2JjN2M0YzAiOnsiY3JlYXRlIjo2MDAwMDAwMDAwMDAsImRlbGV0ZSI6OTAwMDAwMDAwMDAwfSwic2NoZW1hX3ZlcnNpb24iOiIxIn0=",
          "dependencies": [
            "module.vpc.aws_vpc.Intern_VPC"
          ]
        }
      ]
    },
    {
      "module": "module.security_group",
      "mode": "managed",
      "type": "aws_security_group",
      "name": "Intern_public_security_group",
      "provider": "provider[\"registry.terraform.io/hashicorp/aws\"]",
      "instances": [
        {
          "schema_version": 1,
          "attributes": {
            "arn": "arn:aws:ec2:ap-southeast-1:283300159070:security-group/sg-03dfad48285bbb40f",
            "description": "Managed by Terraform",
            "egress": [
              {
                "cidr_blocks": [
                  "0.0.0.0/0"
                ],
                "description": "",
                "from_port": 0,
                "ipv6_cidr_blocks": [
                  "::/0"
                ],
                "prefix_list_ids": [],
                "protocol": "-1",
                "security_groups": [],
                "self": false,
                "to_port": 0
              }
            ],
            "id": "sg-03dfad48285bbb40f",
            "ingress": [
              {
                "cidr_blocks": [
                  "0.0.0.0/0"
                ],
                "description": "",
                "from_port": 0,
                "ipv6_cidr_blocks": [
                  "::/0"
                ],
                "prefix_list_ids": [],
                "protocol": "-1",
                "security_groups": [],
                "self": false,
                "to_port": 0
              }
            ],
            "name": "Intern_public_security_group",
            "name_prefix": "",
            "owner_id": "283300159070",
            "revoke_rules_on_delete": false,
            "tags": {
              "Environment": "Test",
              "Name": "Intern_public_security_group",
              "Owner": "Julian",
              "Service": "Example"
            },
            "tags_all": {
              "Environment": "Test",
              "Name": "Intern_public_security_group",
              "Owner": "Julian",
              "Service": "Example"
            },
            "timeouts": null,
            "vpc_id": "vpc-04705dfd739529948"
          },
          "sensitive_attributes": [],
          "private": "eyJlMmJmYjczMC1lY2FhLTExZTYtOGY4OC0zNDM2M2JjN2M0YzAiOnsiY3JlYXRlIjo2MDAwMDAwMDAwMDAsImRlbGV0ZSI6OTAwMDAwMDAwMDAwfSwic2NoZW1hX3ZlcnNpb24iOiIxIn0=",
          "dependencies": [
            "module.vpc.aws_vpc.Intern_VPC"
          ]
        }
      ]
    },
    {
      "module": "module.subnet",
      "mode": "managed",
      "type": "aws_subnet",
      "name": "Intern_public_subnet",
      "provider": "provider[\"registry.terraform.io/hashicorp/aws\"]",
      "instances": [
        {
          "schema_version": 1,
          "attributes": {
            "arn": "arn:aws:ec2:ap-southeast-1:283300159070:subnet/subnet-09eb17ce50169c16d",
            "assign_ipv6_address_on_creation": false,
            "availability_zone": "ap-southeast-1a",
            "availability_zone_id": "apse1-az2",
            "cidr_block": "10.0.0.0/24",
            "customer_owned_ipv4_pool": "",
            "enable_dns64": false,
            "enable_resource_name_dns_a_record_on_launch": false,
            "enable_resource_name_dns_aaaa_record_on_launch": false,
            "id": "subnet-09eb17ce50169c16d",
            "ipv6_cidr_block": "",
            "ipv6_cidr_block_association_id": "",
            "ipv6_native": false,
            "map_customer_owned_ip_on_launch": false,
            "map_public_ip_on_launch": true,
            "outpost_arn": "",
            "owner_id": "283300159070",
            "private_dns_hostname_type_on_launch": "ip-name",
            "tags": {
              "Environment": "Test",
              "Name": "Intern_public_subnet",
              "Owner": "Julian",
              "Project": "Intern",
              "Version": "1.1"
            },
            "tags_all": {
              "Environment": "Test",
              "Name": "Intern_public_subnet",
              "Owner": "Julian",
              "Project": "Intern",
              "Version": "1.1"
            },
            "timeouts": null,
            "vpc_id": "vpc-04705dfd739529948"
          },
          "sensitive_attributes": [],
          "private": "eyJlMmJmYjczMC1lY2FhLTExZTYtOGY4OC0zNDM2M2JjN2M0YzAiOnsiY3JlYXRlIjo2MDAwMDAwMDAwMDAsImRlbGV0ZSI6MTIwMDAwMDAwMDAwMH0sInNjaGVtYV92ZXJzaW9uIjoiMSJ9",
          "dependencies": [
            "module.vpc.aws_vpc.Intern_VPC"
          ]
        }
      ]
    },
    {
      "module": "module.subnet",
      "mode": "managed",
      "type": "aws_subnet",
      "name": "Intern_subnet",
      "provider": "provider[\"registry.terraform.io/hashicorp/aws\"]",
      "instances": [
        {
          "schema_version": 1,
          "attributes": {
            "arn": "arn:aws:ec2:ap-southeast-1:283300159070:subnet/subnet-09fbc6d720daf01b2",
            "assign_ipv6_address_on_creation": false,
            "availability_zone": "ap-southeast-1a",
            "availability_zone_id": "apse1-az2",
            "cidr_block": "10.0.1.0/24",
            "customer_owned_ipv4_pool": "",
            "enable_dns64": false,
            "enable_resource_name_dns_a_record_on_launch": false,
            "enable_resource_name_dns_aaaa_record_on_launch": false,
            "id": "subnet-09fbc6d720daf01b2",
            "ipv6_cidr_block": "",
            "ipv6_cidr_block_association_id": "",
            "ipv6_native": false,
            "map_customer_owned_ip_on_launch": false,
            "map_public_ip_on_launch": false,
            "outpost_arn": "",
            "owner_id": "283300159070",
            "private_dns_hostname_type_on_launch": "ip-name",
            "tags": {
              "Environment": "Test",
              "Name": "Intern_subnet",
              "Owner": "Julian",
              "Project": "Intern",
              "Version": "1.1"
            },
            "tags_all": {
              "Environment": "Test",
              "Name": "Intern_subnet",
              "Owner": "Julian",
              "Project": "Intern",
              "Version": "1.1"
            },
            "timeouts": null,
            "vpc_id": "vpc-04705dfd739529948"
          },
          "sensitive_attributes": [],
          "private": "eyJlMmJmYjczMC1lY2FhLTExZTYtOGY4OC0zNDM2M2JjN2M0YzAiOnsiY3JlYXRlIjo2MDAwMDAwMDAwMDAsImRlbGV0ZSI6MTIwMDAwMDAwMDAwMH0sInNjaGVtYV92ZXJzaW9uIjoiMSJ9",
          "dependencies": [
            "module.vpc.aws_vpc.Intern_VPC"
          ]
        }
      ]
    },
    {
      "module": "module.vpc",
      "mode": "managed",
      "type": "aws_vpc",
      "name": "Intern_VPC",
      "provider": "provider[\"registry.terraform.io/hashicorp/aws\"]",
      "instances": [
        {
          "schema_version": 1,
          "attributes": {
            "arn": "arn:aws:ec2:ap-southeast-1:283300159070:vpc/vpc-04705dfd739529948",
            "assign_generated_ipv6_cidr_block": false,
            "cidr_block": "10.0.0.0/16",
            "default_network_acl_id": "acl-0904a00efc9a67b4c",
            "default_route_table_id": "rtb-0c556a6e3e067e26f",
            "default_security_group_id": "sg-0a9ec45e7c0c7841f",
            "dhcp_options_id": "dopt-0d09978e711250603",
            "enable_classiclink": false,
            "enable_classiclink_dns_support": false,
            "enable_dns_hostnames": false,
            "enable_dns_support": true,
            "id": "vpc-04705dfd739529948",
            "instance_tenancy": "default",
            "ipv4_ipam_pool_id": null,
            "ipv4_netmask_length": null,
            "ipv6_association_id": "",
            "ipv6_cidr_block": "",
            "ipv6_cidr_block_network_border_group": "",
            "ipv6_ipam_pool_id": "",
            "ipv6_netmask_length": 0,
            "main_route_table_id": "rtb-0c556a6e3e067e26f",
            "owner_id": "283300159070",
            "tags": {
              "Environment": "Test",
              "Name": "Intern_VPC",
              "Owner": "Julian",
              "Project": "Intern",
              "Version": "1.1"
            },
            "tags_all": {
              "Environment": "Test",
              "Name": "Intern_VPC",
              "Owner": "Julian",
              "Project": "Intern",
              "Version": "1.1"
            }
          },
          "sensitive_attributes": [],
          "private": "eyJzY2hlbWFfdmVyc2lvbiI6IjEifQ=="
        }
      ]
    }
  ]
}
